
Microsoft Visual Studio Solution File, Format Version 12.00
# Visual Studio Version 17
VisualStudioVersion = 17.1.32210.238
MinimumVisualStudioVersion = 10.0.40219.1
Project("{FAE04EC0-301F-11D3-BF4B-00C04F79EFBC}") = "Uppgiften 2.1", "Uppgiften 2.1\Uppgiften 2.1.csproj", "{ECAC083C-35AA-4931-9FF5-A3AB5FF9D1D1}"
EndProject
Global
	GlobalSection(SolutionConfigurationPlatforms) = preSolution
		Debug|Any CPU = Debug|Any CPU
		Release|Any CPU = Release|Any CPU
	EndGlobalSection
	GlobalSection(ProjectConfigurationPlatforms) = postSolution
		{ECAC083C-35AA-4931-9FF5-A3AB5FF9D1D1}.Debug|Any CPU.ActiveCfg = Debug|Any CPU
		{ECAC083C-35AA-4931-9FF5-A3AB5FF9D1D1}.Debug|Any CPU.Build.0 = Debug|Any CPU
		{ECAC083C-35AA-4931-9FF5-A3AB5FF9D1D1}.Release|Any CPU.ActiveCfg = Release|Any CPU
		{ECAC083C-35AA-4931-9FF5-A3AB5FF9D1D1}.Release|Any CPU.Build.0 = Release|Any CPU
	EndGlobalSection
	GlobalSection(SolutionProperties) = preSolution
		HideSolutionNode = FALSE
	EndGlobalSection
	GlobalSection(ExtensibilityGlobals) = postSolution
		SolutionGuid = {D0E4DB55-1891-4C14-8D0D-FAB7407AEDBF}
	EndGlobalSection
EndGlobal
